
Microsoft Visual Studio Solution File, Format Version 12.00
# Visual Studio 15
VisualStudioVersion = 15.0.28307.1705
MinimumVisualStudioVersion = 10.0.40219.1
Project("{8BC9CEB8-8B4A-11D0-8D11-00A0C91BC942}") = "Sprint1", "Sprint1\Sprint1.vcxproj", "{AC37FFB4-B08C-4938-B8F0-EE6F270939C9}"
EndProject
Global
	GlobalSection(SolutionConfigurationPlatforms) = preSolution
		Debug|x64 = Debug|x64
		Debug|x86 = Debug|x86
		Release|x64 = Release|x64
		Release|x86 = Release|x86
	EndGlobalSection
	GlobalSection(ProjectConfigurationPlatforms) = postSolution
		{AC37FFB4-B08C-4938-B8F0-EE6F270939C9}.Debug|x64.ActiveCfg = Debug|x64
		{AC37FFB4-B08C-4938-B8F0-EE6F270939C9}.Debug|x64.Build.0 = Debug|x64
		{AC37FFB4-B08C-4938-B8F0-EE6F270939C9}.Debug|x86.ActiveCfg = Debug|Win32
		{AC37FFB4-B08C-4938-B8F0-EE6F270939C9}.Debug|x86.Build.0 = Debug|Win32
		{AC37FFB4-B08C-4938-B8F0-EE6F270939C9}.Release|x64.ActiveCfg = Release|x64
		{AC37FFB4-B08C-4938-B8F0-EE6F270939C9}.Release|x64.Build.0 = Release|x64
		{AC37FFB4-B08C-4938-B8F0-EE6F270939C9}.Release|x86.ActiveCfg = Release|Win32
		{AC37FFB4-B08C-4938-B8F0-EE6F270939C9}.Release|x86.Build.0 = Release|Win32
	EndGlobalSection
	GlobalSection(SolutionProperties) = preSolution
		HideSolutionNode = FALSE
	EndGlobalSection
	GlobalSection(ExtensibilityGlobals) = postSolution
		SolutionGuid = {3511C3C3-7C54-49BE-A534-8EB5AE521BA4}
	EndGlobalSection
EndGlobal
